<?xml version="1.0" encoding="utf-8"?>
<Project ToolsVersion="4.0" xmlns="http://schemas.microsoft.com/developer/msbuild/2003">
  <ItemGroup>
    <Filter Include="소스 파일">
      <UniqueIdentifier>{4FC737F1-C7A5-4376-A066-2A32D752A2FF}</UniqueIdentifier>
      <Extensions>cpp;c;cc;cxx;c++;cppm;ixx;def;odl;idl;hpj;bat;asm;asmx</Extensions>
    </Filter>
    <Filter Include="헤더 파일">
      <UniqueIdentifier>{93995380-89BD-4b04-88EB-625FBE52EBFB}</UniqueIdentifier>
      <Extensions>h;hh;hpp;hxx;h++;hm;inl;inc;ipp;xsd</Extensions>
    </Filter>
    <Filter Include="리소스 파일">
      <UniqueIdentifier>{67DA6AB6-F800-4c08-8B7A-83BB121AAD01}</UniqueIdentifier>
      <Extensions>rc;ico;cur;bmp;dlg;rc2;rct;bin;rgs;gif;jpg;jpeg;jpe;resx;tiff;tif;png;wav;mfcribbon-ms</Extensions>
    </Filter>
    <Filter Include="Algorithm">
      <UniqueIdentifier>{6b5c9201-6a50-441b-8cf0-1adfcc7ccca5}</UniqueIdentifier>
    </Filter>
    <Filter Include="CodingTestTIP">
      <UniqueIdentifier>{9c2e8ee0-e6a6-4ece-ab27-0091855a5365}</UniqueIdentifier>
    </Filter>
    <Filter Include="CodingTest">
      <UniqueIdentifier>{b34dd937-7413-4673-ab61-a72e5cad9887}</UniqueIdentifier>
    </Filter>
    <Filter Include="CodingTest\Array">
      <UniqueIdentifier>{16a35356-9920-40da-94b2-575f274fb372}</UniqueIdentifier>
    </Filter>
    <Filter Include="CodingTest\Stack">
      <UniqueIdentifier>{7dad852b-9153-4ca9-b99c-0a19914986b3}</UniqueIdentifier>
    </Filter>
    <Filter Include="잘 몰랐던 것들에 대해">
      <UniqueIdentifier>{fc4424dc-99fb-4f66-a544-c01fd8f2783a}</UniqueIdentifier>
    </Filter>
  </ItemGroup>
  <ItemGroup>
    <ClCompile Include="코테.cpp">
      <Filter>소스 파일</Filter>
    </ClCompile>
    <ClCompile Include="~ing.cpp">
      <Filter>소스 파일</Filter>
    </ClCompile>
    <ClCompile Include="C++연습했던것등들(검증 필요).cpp">
      <Filter>소스 파일</Filter>
    </ClCompile>
    <ClCompile Include="Sort Algorithm.cpp">
      <Filter>Algorithm</Filter>
    </ClCompile>
    <ClCompile Include="자주쓰는 함수들.cpp">
      <Filter>CodingTestTIP</Filter>
    </ClCompile>
    <ClCompile Include="arrayCodingTest.cpp">
      <Filter>CodingTest\Array</Filter>
    </ClCompile>
    <ClCompile Include="stackCodingTest.cpp">
      <Filter>CodingTest\Stack</Filter>
    </ClCompile>
    <ClCompile Include="잘 몰랐던 것들에 대해.cpp">
      <Filter>잘 몰랐던 것들에 대해</Filter>
    </ClCompile>
    <ClCompile Include="Unreal 공부.cpp">
      <Filter>잘 몰랐던 것들에 대해</Filter>
    </ClCompile>
  </ItemGroup>
</Project>